{
  "requires": true,
  "lockfileVersion": 1,
  "dependencies": {
    "blueimp-md5": {
      "version": "2.19.0",
      "resolved": "https://registry.npmjs.org/blueimp-md5/-/blueimp-md5-2.19.0.tgz",
      "integrity": "sha512-DRQrD6gJyy8FbiE4s+bDoXS9hiW3Vbx5uCdwvcCf3zLHL+Iv7LtGHLpr+GZV8rHG8tK766FGYBwRbu8pELTt+w=="
    },
    "dayjs": {
      "version": "1.11.2",
      "resolved": "https://registry.npmmirror.com/dayjs/-/dayjs-1.11.2.tgz",
      "integrity": "sha512-F4LXf1OeU9hrSYRPTTj/6FbO4HTjPKXvEIC1P2kcnFurViINCVk3ZV0xAS3XVx9MkMsXbbqlK6hjseaYbgKEHw=="
    },
    "identicon.js": {
      "version": "2.3.3",
      "resolved": "https://registry.npmjs.org/identicon.js/-/identicon.js-2.3.3.tgz",
      "integrity": "sha512-/qgOkXKZ7YbeCYbawJ9uQQ3XJ3uBg9VDpvHjabCAPp6aRMhjLaFAxG90+1TxzrhKaj6AYpVGrx6UXQfQA41UEA=="
    },
    "vue-jsonp": {
      "version": "2.0.0",
      "resolved": "https://registry.npmjs.org/vue-jsonp/-/vue-jsonp-2.0.0.tgz",
      "integrity": "sha512-Mzd9GNeuKP5hHFDWZNMWOsCuMILSkA6jo2l4A02wheFz3qqBzH7aSEFTey1BRCZCLizlaf1EqJ5YUtF392KspA=="
    }
  }
}
