{
  "requires": true,
  "lockfileVersion": 1,
  "dependencies": {
    "blueimp-md5": {
      "version": "2.19.0",
      "resolved": "https://registry.npmjs.org/blueimp-md5/-/blueimp-md5-2.19.0.tgz",
      "integrity": "sha512-DRQrD6gJyy8FbiE4s+bDoXS9hiW3Vbx5uCdwvcCf3zLHL+Iv7LtGHLpr+GZV8rHG8tK766FGYBwRbu8pELTt+w=="
    },
    "dayjs": {
      "version": "1.11.2",
      "resolved": "https://registry.npmmirror.com/dayjs/-/dayjs-1.11.2.tgz",
      "integrity": "sha512-F4LXf1OeU9hrSYRPTTj/6FbO4HTjPKXvEIC1P2kcnFurViINCVk3ZV0xAS3XVx9MkMsXbbqlK6hjseaYbgKEHw=="
    },
    "identicon.js": {
      "version": "2.3.3",
      "resolved": "https://registry.npmjs.org/identicon.js/-/identicon.js-2.3.3.tgz",
      "integrity": "sha512-/qgOkXKZ7YbeCYbawJ9uQQ3XJ3uBg9VDpvHjabCAPp6aRMhjLaFAxG90+1TxzrhKaj6AYpVGrx6UXQfQA41UEA=="
    },
    "klona": {
      "version": "2.0.5",
      "resolved": "https://registry.npmjs.org/klona/-/klona-2.0.5.tgz",
      "integrity": "sha512-pJiBpiXMbt7dkzXe8Ghj/u4FfXOOa98fPW+bihOJ4SjnoijweJrNThJfd3ifXpXhREjpoF2mZVH1GfS9LV3kHQ==",
      "dev": true
    },
    "neo-async": {
      "version": "2.6.2",
      "resolved": "https://registry.npmjs.org/neo-async/-/neo-async-2.6.2.tgz",
      "integrity": "sha512-Yd3UES5mWCSqR+qNT93S3UoYUkqAZ9lLg8a7g9rimsWmYGK8cVToA4/sF3RrshdyV3sAGMXVUmpMYOw+dLpOuw==",
      "dev": true
    },
    "sass-loader": {
      "version": "13.0.0",
      "resolved": "https://registry.npmjs.org/sass-loader/-/sass-loader-13.0.0.tgz",
      "integrity": "sha512-IHCFecI+rbPvXE2zO/mqdVFe8MU7ElGrwga9hh2H65Ru4iaBJAMRteum1c4Gsxi9Cq1FOtTEDd6+/AEYuQDM4Q==",
      "dev": true,
      "requires": {
        "klona": "^2.0.4",
        "neo-async": "^2.6.2"
      }
    },
    "vue-jsonp": {
      "version": "2.0.0",
      "resolved": "https://registry.npmjs.org/vue-jsonp/-/vue-jsonp-2.0.0.tgz",
      "integrity": "sha512-Mzd9GNeuKP5hHFDWZNMWOsCuMILSkA6jo2l4A02wheFz3qqBzH7aSEFTey1BRCZCLizlaf1EqJ5YUtF392KspA=="
    }
  }
}
